
Microsoft Visual Studio Solution File, Format Version 12.00
# Visual Studio Version 17
VisualStudioVersion = 17.1.31911.260
MinimumVisualStudioVersion = 10.0.40219.1
Project("{FAE04EC0-301F-11D3-BF4B-00C04F79EFBC}") = "Sample.Android", "Sample.Android\Sample.Android.csproj", "{A65F46E0-9884-410A-ABAF-075DB1CB07FC}"
EndProject
Project("{FAE04EC0-301F-11D3-BF4B-00C04F79EFBC}") = "Sample.iOS", "Sample.iOS\Sample.iOS.csproj", "{2321E7B4-749E-443E-868D-B9D6543304D9}"
EndProject
Project("{9A19103F-16F7-4668-BE54-9A1E7A4F7556}") = "Sample", "Sample\Sample.csproj", "{C4A94D57-C146-4DE5-A133-30704425FCE7}"
EndProject
Global
	GlobalSection(SolutionConfigurationPlatforms) = preSolution
		Debug|Any CPU = Debug|Any CPU
		Debug|ARM = Debug|ARM
		Debug|ARM64 = Debug|ARM64
		Debug|iPhone = Debug|iPhone
		Debug|iPhoneSimulator = Debug|iPhoneSimulator
		Debug|x64 = Debug|x64
		Debug|x86 = Debug|x86
		Release|Any CPU = Release|Any CPU
		Release|ARM = Release|ARM
		Release|ARM64 = Release|ARM64
		Release|iPhone = Release|iPhone
		Release|iPhoneSimulator = Release|iPhoneSimulator
		Release|x64 = Release|x64
		Release|x86 = Release|x86
	EndGlobalSection
	GlobalSection(ProjectConfigurationPlatforms) = postSolution
		{A65F46E0-9884-410A-ABAF-075DB1CB07FC}.Debug|Any CPU.ActiveCfg = Debug|Any CPU
		{A65F46E0-9884-410A-ABAF-075DB1CB07FC}.Debug|Any CPU.Build.0 = Debug|Any CPU
		{A65F46E0-9884-410A-ABAF-075DB1CB07FC}.Debug|Any CPU.Deploy.0 = Debug|Any CPU
		{A65F46E0-9884-410A-ABAF-075DB1CB07FC}.Debug|ARM.ActiveCfg = Debug|Any CPU
		{A65F46E0-9884-410A-ABAF-075DB1CB07FC}.Debug|ARM.Build.0 = Debug|Any CPU
		{A65F46E0-9884-410A-ABAF-075DB1CB07FC}.Debug|ARM.Deploy.0 = Debug|Any CPU
		{A65F46E0-9884-410A-ABAF-075DB1CB07FC}.Debug|ARM64.ActiveCfg = Debug|Any CPU
		{A65F46E0-9884-410A-ABAF-075DB1CB07FC}.Debug|ARM64.Build.0 = Debug|Any CPU
		{A65F46E0-9884-410A-ABAF-075DB1CB07FC}.Debug|ARM64.Deploy.0 = Debug|Any CPU
		{A65F46E0-9884-410A-ABAF-075DB1CB07FC}.Debug|iPhone.ActiveCfg = Debug|Any CPU
		{A65F46E0-9884-410A-ABAF-075DB1CB07FC}.Debug|iPhone.Build.0 = Debug|Any CPU
		{A65F46E0-9884-410A-ABAF-075DB1CB07FC}.Debug|iPhone.Deploy.0 = Debug|Any CPU
		{A65F46E0-9884-410A-ABAF-075DB1CB07FC}.Debug|iPhoneSimulator.ActiveCfg = Debug|Any CPU
		{A65F46E0-9884-410A-ABAF-075DB1CB07FC}.Debug|iPhoneSimulator.Build.0 = Debug|Any CPU
		{A65F46E0-9884-410A-ABAF-075DB1CB07FC}.Debug|iPhoneSimulator.Deploy.0 = Debug|Any CPU
		{A65F46E0-9884-410A-ABAF-075DB1CB07FC}.Debug|x64.ActiveCfg = Debug|Any CPU
		{A65F46E0-9884-410A-ABAF-075DB1CB07FC}.Debug|x64.Build.0 = Debug|Any CPU
		{A65F46E0-9884-410A-ABAF-075DB1CB07FC}.Debug|x64.Deploy.0 = Debug|Any CPU
		{A65F46E0-9884-410A-ABAF-075DB1CB07FC}.Debug|x86.ActiveCfg = Debug|Any CPU
		{A65F46E0-9884-410A-ABAF-075DB1CB07FC}.Debug|x86.Build.0 = Debug|Any CPU
		{A65F46E0-9884-410A-ABAF-075DB1CB07FC}.Debug|x86.Deploy.0 = Debug|Any CPU
		{A65F46E0-9884-410A-ABAF-075DB1CB07FC}.Release|Any CPU.ActiveCfg = Release|Any CPU
		{A65F46E0-9884-410A-ABAF-075DB1CB07FC}.Release|Any CPU.Build.0 = Release|Any CPU
		{A65F46E0-9884-410A-ABAF-075DB1CB07FC}.Release|Any CPU.Deploy.0 = Release|Any CPU
		{A65F46E0-9884-410A-ABAF-075DB1CB07FC}.Release|ARM.ActiveCfg = Release|Any CPU
		{A65F46E0-9884-410A-ABAF-075DB1CB07FC}.Release|ARM.Build.0 = Release|Any CPU
		{A65F46E0-9884-410A-ABAF-075DB1CB07FC}.Release|ARM.Deploy.0 = Release|Any CPU
		{A65F46E0-9884-410A-ABAF-075DB1CB07FC}.Release|ARM64.ActiveCfg = Release|Any CPU
		{A65F46E0-9884-410A-ABAF-075DB1CB07FC}.Release|ARM64.Build.0 = Release|Any CPU
		{A65F46E0-9884-410A-ABAF-075DB1CB07FC}.Release|ARM64.Deploy.0 = Release|Any CPU
		{A65F46E0-9884-410A-ABAF-075DB1CB07FC}.Release|iPhone.ActiveCfg = Release|Any CPU
		{A65F46E0-9884-410A-ABAF-075DB1CB07FC}.Release|iPhone.Build.0 = Release|Any CPU
		{A65F46E0-9884-410A-ABAF-075DB1CB07FC}.Release|iPhone.Deploy.0 = Release|Any CPU
		{A65F46E0-9884-410A-ABAF-075DB1CB07FC}.Release|iPhoneSimulator.ActiveCfg = Release|Any CPU
		{A65F46E0-9884-410A-ABAF-075DB1CB07FC}.Release|iPhoneSimulator.Build.0 = Release|Any CPU
		{A65F46E0-9884-410A-ABAF-075DB1CB07FC}.Release|iPhoneSimulator.Deploy.0 = Release|Any CPU
		{A65F46E0-9884-410A-ABAF-075DB1CB07FC}.Release|x64.ActiveCfg = Release|Any CPU
		{A65F46E0-9884-410A-ABAF-075DB1CB07FC}.Release|x64.Build.0 = Release|Any CPU
		{A65F46E0-9884-410A-ABAF-075DB1CB07FC}.Release|x64.Deploy.0 = Release|Any CPU
		{A65F46E0-9884-410A-ABAF-075DB1CB07FC}.Release|x86.ActiveCfg = Release|Any CPU
		{A65F46E0-9884-410A-ABAF-075DB1CB07FC}.Release|x86.Build.0 = Release|Any CPU
		{A65F46E0-9884-410A-ABAF-075DB1CB07FC}.Release|x86.Deploy.0 = Release|Any CPU
		{2321E7B4-749E-443E-868D-B9D6543304D9}.Debug|Any CPU.ActiveCfg = Debug|iPhoneSimulator
		{2321E7B4-749E-443E-868D-B9D6543304D9}.Debug|Any CPU.Build.0 = Debug|iPhoneSimulator
		{2321E7B4-749E-443E-868D-B9D6543304D9}.Debug|Any CPU.Deploy.0 = Debug|iPhoneSimulator
		{2321E7B4-749E-443E-868D-B9D6543304D9}.Debug|ARM.ActiveCfg = Debug|iPhone
		{2321E7B4-749E-443E-868D-B9D6543304D9}.Debug|ARM.Build.0 = Debug|iPhone
		{2321E7B4-749E-443E-868D-B9D6543304D9}.Debug|ARM.Deploy.0 = Debug|iPhone
		{2321E7B4-749E-443E-868D-B9D6543304D9}.Debug|ARM64.ActiveCfg = Debug|iPhoneSimulator
		{2321E7B4-749E-443E-868D-B9D6543304D9}.Debug|iPhone.ActiveCfg = Debug|iPhone
		{2321E7B4-749E-443E-868D-B9D6543304D9}.Debug|iPhone.Build.0 = Debug|iPhone
		{2321E7B4-749E-443E-868D-B9D6543304D9}.Debug|iPhone.Deploy.0 = Debug|iPhone
		{2321E7B4-749E-443E-868D-B9D6543304D9}.Debug|iPhoneSimulator.ActiveCfg = Debug|iPhoneSimulator
		{2321E7B4-749E-443E-868D-B9D6543304D9}.Debug|iPhoneSimulator.Build.0 = Debug|iPhoneSimulator
		{2321E7B4-749E-443E-868D-B9D6543304D9}.Debug|iPhoneSimulator.Deploy.0 = Debug|iPhoneSimulator
		{2321E7B4-749E-443E-868D-B9D6543304D9}.Debug|x64.ActiveCfg = Debug|iPhoneSimulator
		{2321E7B4-749E-443E-868D-B9D6543304D9}.Debug|x64.Build.0 = Debug|iPhoneSimulator
		{2321E7B4-749E-443E-868D-B9D6543304D9}.Debug|x64.Deploy.0 = Debug|iPhoneSimulator
		{2321E7B4-749E-443E-868D-B9D6543304D9}.Debug|x86.ActiveCfg = Debug|iPhoneSimulator
		{2321E7B4-749E-443E-868D-B9D6543304D9}.Debug|x86.Build.0 = Debug|iPhoneSimulator
		{2321E7B4-749E-443E-868D-B9D6543304D9}.Debug|x86.Deploy.0 = Debug|iPhoneSimulator
		{2321E7B4-749E-443E-868D-B9D6543304D9}.Release|Any CPU.ActiveCfg = Release|iPhoneSimulator
		{2321E7B4-749E-443E-868D-B9D6543304D9}.Release|Any CPU.Build.0 = Release|iPhoneSimulator
		{2321E7B4-749E-443E-868D-B9D6543304D9}.Release|Any CPU.Deploy.0 = Release|iPhoneSimulator
		{2321E7B4-749E-443E-868D-B9D6543304D9}.Release|ARM.ActiveCfg = Release|iPhoneSimulator
		{2321E7B4-749E-443E-868D-B9D6543304D9}.Release|ARM.Build.0 = Release|iPhoneSimulator
		{2321E7B4-749E-443E-868D-B9D6543304D9}.Release|ARM.Deploy.0 = Release|iPhoneSimulator
		{2321E7B4-749E-443E-868D-B9D6543304D9}.Release|ARM64.ActiveCfg = Release|iPhoneSimulator
		{2321E7B4-749E-443E-868D-B9D6543304D9}.Release|iPhone.ActiveCfg = Release|iPhone
		{2321E7B4-749E-443E-868D-B9D6543304D9}.Release|iPhone.Build.0 = Release|iPhone
		{2321E7B4-749E-443E-868D-B9D6543304D9}.Release|iPhone.Deploy.0 = Release|iPhone
		{2321E7B4-749E-443E-868D-B9D6543304D9}.Release|iPhoneSimulator.ActiveCfg = Release|iPhoneSimulator
		{2321E7B4-749E-443E-868D-B9D6543304D9}.Release|iPhoneSimulator.Build.0 = Release|iPhoneSimulator
		{2321E7B4-749E-443E-868D-B9D6543304D9}.Release|iPhoneSimulator.Deploy.0 = Release|iPhoneSimulator
		{2321E7B4-749E-443E-868D-B9D6543304D9}.Release|x64.ActiveCfg = Release|iPhoneSimulator
		{2321E7B4-749E-443E-868D-B9D6543304D9}.Release|x64.Build.0 = Release|iPhoneSimulator
		{2321E7B4-749E-443E-868D-B9D6543304D9}.Release|x64.Deploy.0 = Release|iPhoneSimulator
		{2321E7B4-749E-443E-868D-B9D6543304D9}.Release|x86.ActiveCfg = Release|iPhoneSimulator
		{2321E7B4-749E-443E-868D-B9D6543304D9}.Release|x86.Build.0 = Release|iPhoneSimulator
		{2321E7B4-749E-443E-868D-B9D6543304D9}.Release|x86.Deploy.0 = Release|iPhoneSimulator
		{C4A94D57-C146-4DE5-A133-30704425FCE7}.Debug|Any CPU.ActiveCfg = Debug|Any CPU
		{C4A94D57-C146-4DE5-A133-30704425FCE7}.Debug|Any CPU.Build.0 = Debug|Any CPU
		{C4A94D57-C146-4DE5-A133-30704425FCE7}.Debug|Any CPU.Deploy.0 = Debug|Any CPU
		{C4A94D57-C146-4DE5-A133-30704425FCE7}.Debug|ARM.ActiveCfg = Debug|Any CPU
		{C4A94D57-C146-4DE5-A133-30704425FCE7}.Debug|ARM.Build.0 = Debug|Any CPU
		{C4A94D57-C146-4DE5-A133-30704425FCE7}.Debug|ARM.Deploy.0 = Debug|Any CPU
		{C4A94D57-C146-4DE5-A133-30704425FCE7}.Debug|ARM64.ActiveCfg = Debug|Any CPU
		{C4A94D57-C146-4DE5-A133-30704425FCE7}.Debug|ARM64.Build.0 = Debug|Any CPU
		{C4A94D57-C146-4DE5-A133-30704425FCE7}.Debug|iPhone.ActiveCfg = Debug|Any CPU
		{C4A94D57-C146-4DE5-A133-30704425FCE7}.Debug|iPhone.Build.0 = Debug|Any CPU
		{C4A94D57-C146-4DE5-A133-30704425FCE7}.Debug|iPhone.Deploy.0 = Debug|Any CPU
		{C4A94D57-C146-4DE5-A133-30704425FCE7}.Debug|iPhoneSimulator.ActiveCfg = Debug|Any CPU
		{C4A94D57-C146-4DE5-A133-30704425FCE7}.Debug|iPhoneSimulator.Build.0 = Debug|Any CPU
		{C4A94D57-C146-4DE5-A133-30704425FCE7}.Debug|iPhoneSimulator.Deploy.0 = Debug|Any CPU
		{C4A94D57-C146-4DE5-A133-30704425FCE7}.Debug|x64.ActiveCfg = Debug|Any CPU
		{C4A94D57-C146-4DE5-A133-30704425FCE7}.Debug|x64.Build.0 = Debug|Any CPU
		{C4A94D57-C146-4DE5-A133-30704425FCE7}.Debug|x64.Deploy.0 = Debug|Any CPU
		{C4A94D57-C146-4DE5-A133-30704425FCE7}.Debug|x86.ActiveCfg = Debug|Any CPU
		{C4A94D57-C146-4DE5-A133-30704425FCE7}.Debug|x86.Build.0 = Debug|Any CPU
		{C4A94D57-C146-4DE5-A133-30704425FCE7}.Debug|x86.Deploy.0 = Debug|Any CPU
		{C4A94D57-C146-4DE5-A133-30704425FCE7}.Release|Any CPU.ActiveCfg = Release|Any CPU
		{C4A94D57-C146-4DE5-A133-30704425FCE7}.Release|Any CPU.Build.0 = Release|Any CPU
		{C4A94D57-C146-4DE5-A133-30704425FCE7}.Release|Any CPU.Deploy.0 = Release|Any CPU
		{C4A94D57-C146-4DE5-A133-30704425FCE7}.Release|ARM.ActiveCfg = Release|Any CPU
		{C4A94D57-C146-4DE5-A133-30704425FCE7}.Release|ARM.Build.0 = Release|Any CPU
		{C4A94D57-C146-4DE5-A133-30704425FCE7}.Release|ARM.Deploy.0 = Release|Any CPU
		{C4A94D57-C146-4DE5-A133-30704425FCE7}.Release|ARM64.ActiveCfg = Release|Any CPU
		{C4A94D57-C146-4DE5-A133-30704425FCE7}.Release|ARM64.Build.0 = Release|Any CPU
		{C4A94D57-C146-4DE5-A133-30704425FCE7}.Release|iPhone.ActiveCfg = Release|Any CPU
		{C4A94D57-C146-4DE5-A133-30704425FCE7}.Release|iPhone.Build.0 = Release|Any CPU
		{C4A94D57-C146-4DE5-A133-30704425FCE7}.Release|iPhone.Deploy.0 = Release|Any CPU
		{C4A94D57-C146-4DE5-A133-30704425FCE7}.Release|iPhoneSimulator.ActiveCfg = Release|Any CPU
		{C4A94D57-C146-4DE5-A133-30704425FCE7}.Release|iPhoneSimulator.Build.0 = Release|Any CPU
		{C4A94D57-C146-4DE5-A133-30704425FCE7}.Release|iPhoneSimulator.Deploy.0 = Release|Any CPU
		{C4A94D57-C146-4DE5-A133-30704425FCE7}.Release|x64.ActiveCfg = Release|Any CPU
		{C4A94D57-C146-4DE5-A133-30704425FCE7}.Release|x64.Build.0 = Release|Any CPU
		{C4A94D57-C146-4DE5-A133-30704425FCE7}.Release|x64.Deploy.0 = Release|Any CPU
		{C4A94D57-C146-4DE5-A133-30704425FCE7}.Release|x86.ActiveCfg = Release|Any CPU
		{C4A94D57-C146-4DE5-A133-30704425FCE7}.Release|x86.Build.0 = Release|Any CPU
		{C4A94D57-C146-4DE5-A133-30704425FCE7}.Release|x86.Deploy.0 = Release|Any CPU
	EndGlobalSection
	GlobalSection(SolutionProperties) = preSolution
		HideSolutionNode = FALSE
	EndGlobalSection
	GlobalSection(ExtensibilityGlobals) = postSolution
		SolutionGuid = {F774770C-EF90-4F19-A2DB-DD0100B6ACF7}
	EndGlobalSection
EndGlobal
